
Microsoft Visual Studio Solution File, Format Version 12.00
# Visual Studio Version 16
VisualStudioVersion = 16.0.30804.86
MinimumVisualStudioVersion = 15.0.26124.0
Project("{9A19103F-16F7-4668-BE54-9A1E7A4F7556}") = "quizal.models", "quizal.models\quizal.models.csproj", "{3A3A50B6-A31A-48CB-B321-49907620B429}"
EndProject
Project("{9A19103F-16F7-4668-BE54-9A1E7A4F7556}") = "quizal.data", "quize.data\quizal.data.csproj", "{F8CBCA6F-C1FD-4685-907C-3AE71FCF4042}"
EndProject
Project("{9A19103F-16F7-4668-BE54-9A1E7A4F7556}") = "quizal.Tests", "quizal.Tests\quizal.Tests.csproj", "{AB0BF28B-3B03-4910-9AD1-C57B8345602E}"
EndProject
Project("{9A19103F-16F7-4668-BE54-9A1E7A4F7556}") = "quizal.Web", "quizal.Web\quizal.Web.csproj", "{80A5D1CE-982D-4245-BDAA-CD2715EF9346}"
EndProject
Project("{9A19103F-16F7-4668-BE54-9A1E7A4F7556}") = "quizal.Common", "quizal.Common\quizal.Common.csproj", "{C0786258-00A2-46FA-A6D2-95A59D5D1A9F}"
EndProject
Project("{9A19103F-16F7-4668-BE54-9A1E7A4F7556}") = "quizal.Services", "quizal.Services\quizal.Services.csproj", "{B3756203-2433-43D1-89A4-760EB33316F0}"
EndProject
Global
	GlobalSection(SolutionConfigurationPlatforms) = preSolution
		Debug|Any CPU = Debug|Any CPU
		Debug|x64 = Debug|x64
		Debug|x86 = Debug|x86
		Release|Any CPU = Release|Any CPU
		Release|x64 = Release|x64
		Release|x86 = Release|x86
	EndGlobalSection
	GlobalSection(ProjectConfigurationPlatforms) = postSolution
		{3A3A50B6-A31A-48CB-B321-49907620B429}.Debug|Any CPU.ActiveCfg = Debug|Any CPU
		{3A3A50B6-A31A-48CB-B321-49907620B429}.Debug|Any CPU.Build.0 = Debug|Any CPU
		{3A3A50B6-A31A-48CB-B321-49907620B429}.Debug|x64.ActiveCfg = Debug|Any CPU
		{3A3A50B6-A31A-48CB-B321-49907620B429}.Debug|x64.Build.0 = Debug|Any CPU
		{3A3A50B6-A31A-48CB-B321-49907620B429}.Debug|x86.ActiveCfg = Debug|Any CPU
		{3A3A50B6-A31A-48CB-B321-49907620B429}.Debug|x86.Build.0 = Debug|Any CPU
		{3A3A50B6-A31A-48CB-B321-49907620B429}.Release|Any CPU.ActiveCfg = Release|Any CPU
		{3A3A50B6-A31A-48CB-B321-49907620B429}.Release|Any CPU.Build.0 = Release|Any CPU
		{3A3A50B6-A31A-48CB-B321-49907620B429}.Release|x64.ActiveCfg = Release|Any CPU
		{3A3A50B6-A31A-48CB-B321-49907620B429}.Release|x64.Build.0 = Release|Any CPU
		{3A3A50B6-A31A-48CB-B321-49907620B429}.Release|x86.ActiveCfg = Release|Any CPU
		{3A3A50B6-A31A-48CB-B321-49907620B429}.Release|x86.Build.0 = Release|Any CPU
		{F8CBCA6F-C1FD-4685-907C-3AE71FCF4042}.Debug|Any CPU.ActiveCfg = Debug|Any CPU
		{F8CBCA6F-C1FD-4685-907C-3AE71FCF4042}.Debug|Any CPU.Build.0 = Debug|Any CPU
		{F8CBCA6F-C1FD-4685-907C-3AE71FCF4042}.Debug|x64.ActiveCfg = Debug|Any CPU
		{F8CBCA6F-C1FD-4685-907C-3AE71FCF4042}.Debug|x64.Build.0 = Debug|Any CPU
		{F8CBCA6F-C1FD-4685-907C-3AE71FCF4042}.Debug|x86.ActiveCfg = Debug|Any CPU
		{F8CBCA6F-C1FD-4685-907C-3AE71FCF4042}.Debug|x86.Build.0 = Debug|Any CPU
		{F8CBCA6F-C1FD-4685-907C-3AE71FCF4042}.Release|Any CPU.ActiveCfg = Release|Any CPU
		{F8CBCA6F-C1FD-4685-907C-3AE71FCF4042}.Release|Any CPU.Build.0 = Release|Any CPU
		{F8CBCA6F-C1FD-4685-907C-3AE71FCF4042}.Release|x64.ActiveCfg = Release|Any CPU
		{F8CBCA6F-C1FD-4685-907C-3AE71FCF4042}.Release|x64.Build.0 = Release|Any CPU
		{F8CBCA6F-C1FD-4685-907C-3AE71FCF4042}.Release|x86.ActiveCfg = Release|Any CPU
		{F8CBCA6F-C1FD-4685-907C-3AE71FCF4042}.Release|x86.Build.0 = Release|Any CPU
		{AB0BF28B-3B03-4910-9AD1-C57B8345602E}.Debug|Any CPU.ActiveCfg = Debug|Any CPU
		{AB0BF28B-3B03-4910-9AD1-C57B8345602E}.Debug|Any CPU.Build.0 = Debug|Any CPU
		{AB0BF28B-3B03-4910-9AD1-C57B8345602E}.Debug|x64.ActiveCfg = Debug|Any CPU
		{AB0BF28B-3B03-4910-9AD1-C57B8345602E}.Debug|x64.Build.0 = Debug|Any CPU
		{AB0BF28B-3B03-4910-9AD1-C57B8345602E}.Debug|x86.ActiveCfg = Debug|Any CPU
		{AB0BF28B-3B03-4910-9AD1-C57B8345602E}.Debug|x86.Build.0 = Debug|Any CPU
		{AB0BF28B-3B03-4910-9AD1-C57B8345602E}.Release|Any CPU.ActiveCfg = Release|Any CPU
		{AB0BF28B-3B03-4910-9AD1-C57B8345602E}.Release|Any CPU.Build.0 = Release|Any CPU
		{AB0BF28B-3B03-4910-9AD1-C57B8345602E}.Release|x64.ActiveCfg = Release|Any CPU
		{AB0BF28B-3B03-4910-9AD1-C57B8345602E}.Release|x64.Build.0 = Release|Any CPU
		{AB0BF28B-3B03-4910-9AD1-C57B8345602E}.Release|x86.ActiveCfg = Release|Any CPU
		{AB0BF28B-3B03-4910-9AD1-C57B8345602E}.Release|x86.Build.0 = Release|Any CPU
		{80A5D1CE-982D-4245-BDAA-CD2715EF9346}.Debug|Any CPU.ActiveCfg = Debug|Any CPU
		{80A5D1CE-982D-4245-BDAA-CD2715EF9346}.Debug|Any CPU.Build.0 = Debug|Any CPU
		{80A5D1CE-982D-4245-BDAA-CD2715EF9346}.Debug|x64.ActiveCfg = Debug|Any CPU
		{80A5D1CE-982D-4245-BDAA-CD2715EF9346}.Debug|x64.Build.0 = Debug|Any CPU
		{80A5D1CE-982D-4245-BDAA-CD2715EF9346}.Debug|x86.ActiveCfg = Debug|Any CPU
		{80A5D1CE-982D-4245-BDAA-CD2715EF9346}.Debug|x86.Build.0 = Debug|Any CPU
		{80A5D1CE-982D-4245-BDAA-CD2715EF9346}.Release|Any CPU.ActiveCfg = Release|Any CPU
		{80A5D1CE-982D-4245-BDAA-CD2715EF9346}.Release|Any CPU.Build.0 = Release|Any CPU
		{80A5D1CE-982D-4245-BDAA-CD2715EF9346}.Release|x64.ActiveCfg = Release|Any CPU
		{80A5D1CE-982D-4245-BDAA-CD2715EF9346}.Release|x64.Build.0 = Release|Any CPU
		{80A5D1CE-982D-4245-BDAA-CD2715EF9346}.Release|x86.ActiveCfg = Release|Any CPU
		{80A5D1CE-982D-4245-BDAA-CD2715EF9346}.Release|x86.Build.0 = Release|Any CPU
		{C0786258-00A2-46FA-A6D2-95A59D5D1A9F}.Debug|Any CPU.ActiveCfg = Debug|Any CPU
		{C0786258-00A2-46FA-A6D2-95A59D5D1A9F}.Debug|Any CPU.Build.0 = Debug|Any CPU
		{C0786258-00A2-46FA-A6D2-95A59D5D1A9F}.Debug|x64.ActiveCfg = Debug|Any CPU
		{C0786258-00A2-46FA-A6D2-95A59D5D1A9F}.Debug|x64.Build.0 = Debug|Any CPU
		{C0786258-00A2-46FA-A6D2-95A59D5D1A9F}.Debug|x86.ActiveCfg = Debug|Any CPU
		{C0786258-00A2-46FA-A6D2-95A59D5D1A9F}.Debug|x86.Build.0 = Debug|Any CPU
		{C0786258-00A2-46FA-A6D2-95A59D5D1A9F}.Release|Any CPU.ActiveCfg = Release|Any CPU
		{C0786258-00A2-46FA-A6D2-95A59D5D1A9F}.Release|Any CPU.Build.0 = Release|Any CPU
		{C0786258-00A2-46FA-A6D2-95A59D5D1A9F}.Release|x64.ActiveCfg = Release|Any CPU
		{C0786258-00A2-46FA-A6D2-95A59D5D1A9F}.Release|x64.Build.0 = Release|Any CPU
		{C0786258-00A2-46FA-A6D2-95A59D5D1A9F}.Release|x86.ActiveCfg = Release|Any CPU
		{C0786258-00A2-46FA-A6D2-95A59D5D1A9F}.Release|x86.Build.0 = Release|Any CPU
		{B3756203-2433-43D1-89A4-760EB33316F0}.Debug|Any CPU.ActiveCfg = Debug|Any CPU
		{B3756203-2433-43D1-89A4-760EB33316F0}.Debug|Any CPU.Build.0 = Debug|Any CPU
		{B3756203-2433-43D1-89A4-760EB33316F0}.Debug|x64.ActiveCfg = Debug|Any CPU
		{B3756203-2433-43D1-89A4-760EB33316F0}.Debug|x64.Build.0 = Debug|Any CPU
		{B3756203-2433-43D1-89A4-760EB33316F0}.Debug|x86.ActiveCfg = Debug|Any CPU
		{B3756203-2433-43D1-89A4-760EB33316F0}.Debug|x86.Build.0 = Debug|Any CPU
		{B3756203-2433-43D1-89A4-760EB33316F0}.Release|Any CPU.ActiveCfg = Release|Any CPU
		{B3756203-2433-43D1-89A4-760EB33316F0}.Release|Any CPU.Build.0 = Release|Any CPU
		{B3756203-2433-43D1-89A4-760EB33316F0}.Release|x64.ActiveCfg = Release|Any CPU
		{B3756203-2433-43D1-89A4-760EB33316F0}.Release|x64.Build.0 = Release|Any CPU
		{B3756203-2433-43D1-89A4-760EB33316F0}.Release|x86.ActiveCfg = Release|Any CPU
		{B3756203-2433-43D1-89A4-760EB33316F0}.Release|x86.Build.0 = Release|Any CPU
	EndGlobalSection
	GlobalSection(SolutionProperties) = preSolution
		HideSolutionNode = FALSE
	EndGlobalSection
	GlobalSection(ExtensibilityGlobals) = postSolution
		SolutionGuid = {DA008279-992E-4570-8F9C-E7E90BE00941}
	EndGlobalSection
EndGlobal
